
Microsoft Visual Studio Solution File, Format Version 12.00
# Visual Studio Version 17
VisualStudioVersion = 17.10.35122.118
MinimumVisualStudioVersion = 10.0.40219.1
Project("{FAE04EC0-301F-11D3-BF4B-00C04F79EFBC}") = "Pizza", "Pizza\Pizza.csproj", "{7C5CE4DD-C769-4254-BDB0-0EB82F5136B4}"
EndProject
Global
	GlobalSection(SolutionConfigurationPlatforms) = preSolution
		Debug|Any CPU = Debug|Any CPU
		Release|Any CPU = Release|Any CPU
	EndGlobalSection
	GlobalSection(ProjectConfigurationPlatforms) = postSolution
		{7C5CE4DD-C769-4254-BDB0-0EB82F5136B4}.Debug|Any CPU.ActiveCfg = Debug|Any CPU
		{7C5CE4DD-C769-4254-BDB0-0EB82F5136B4}.Debug|Any CPU.Build.0 = Debug|Any CPU
		{7C5CE4DD-C769-4254-BDB0-0EB82F5136B4}.Release|Any CPU.ActiveCfg = Release|Any CPU
		{7C5CE4DD-C769-4254-BDB0-0EB82F5136B4}.Release|Any CPU.Build.0 = Release|Any CPU
	EndGlobalSection
	GlobalSection(SolutionProperties) = preSolution
		HideSolutionNode = FALSE
	EndGlobalSection
	GlobalSection(ExtensibilityGlobals) = postSolution
		SolutionGuid = {F84B0D2B-2A26-4E32-BF1F-F3E1A392FDE9}
	EndGlobalSection
EndGlobal
